Microsoft Visual Studio Solution File, Format Version 12.00
# Visual Studio Version 17
VisualStudioVersion = 17.5.2.0
MinimumVisualStudioVersion = 10.0.40219.1
Project("{FAE04EC0-301F-11D3-BF4B-00C04F79EFBC}") = "FileParserService", "FileParserService\FileParserService.csproj", "{C2F9E966-9A22-CAB5-F3D8-C10C0C350B79}"
EndProject
Project("{FAE04EC0-301F-11D3-BF4B-00C04F79EFBC}") = "DataProcessorService", "DataProcessorService\DataProcessorService.csproj", "{7B345900-E1F2-25F4-720D-B4066FC5E78E}"
EndProject
Project("{FAE04EC0-301F-11D3-BF4B-00C04F79EFBC}") = "ModelLayer", "ModelLayer\ModelLayer.csproj", "{61A1D7F6-94DC-43C5-9A65-1F9C21978A1A}"
EndProject
Global
	GlobalSection(SolutionConfigurationPlatforms) = preSolution
		Debug|Any CPU = Debug|Any CPU
		Release|Any CPU = Release|Any CPU
	EndGlobalSection
	GlobalSection(ProjectConfigurationPlatforms) = postSolution
		{C2F9E966-9A22-CAB5-F3D8-C10C0C350B79}.Debug|Any CPU.ActiveCfg = Debug|Any CPU
		{C2F9E966-9A22-CAB5-F3D8-C10C0C350B79}.Debug|Any CPU.Build.0 = Debug|Any CPU
		{C2F9E966-9A22-CAB5-F3D8-C10C0C350B79}.Release|Any CPU.ActiveCfg = Release|Any CPU
		{C2F9E966-9A22-CAB5-F3D8-C10C0C350B79}.Release|Any CPU.Build.0 = Release|Any CPU
		{7B345900-E1F2-25F4-720D-B4066FC5E78E}.Debug|Any CPU.ActiveCfg = Debug|Any CPU
		{7B345900-E1F2-25F4-720D-B4066FC5E78E}.Debug|Any CPU.Build.0 = Debug|Any CPU
		{7B345900-E1F2-25F4-720D-B4066FC5E78E}.Release|Any CPU.ActiveCfg = Release|Any CPU
		{7B345900-E1F2-25F4-720D-B4066FC5E78E}.Release|Any CPU.Build.0 = Release|Any CPU
		{61A1D7F6-94DC-43C5-9A65-1F9C21978A1A}.Debug|Any CPU.ActiveCfg = Debug|Any CPU
		{61A1D7F6-94DC-43C5-9A65-1F9C21978A1A}.Debug|Any CPU.Build.0 = Debug|Any CPU
		{61A1D7F6-94DC-43C5-9A65-1F9C21978A1A}.Release|Any CPU.ActiveCfg = Release|Any CPU
		{61A1D7F6-94DC-43C5-9A65-1F9C21978A1A}.Release|Any CPU.Build.0 = Release|Any CPU
	EndGlobalSection
	GlobalSection(SolutionProperties) = preSolution
		HideSolutionNode = FALSE
	EndGlobalSection
	GlobalSection(ExtensibilityGlobals) = postSolution
		SolutionGuid = {40AF00B3-BEA9-4336-AB0A-B61CCE56B61D}
	EndGlobalSection
EndGlobal
